# This file was autogenerated by Stack.
# You should not edit this file by hand.
# For more information, please see the documentation at:
#   https://docs.haskellstack.org/en/stable/lock_files

packages:
- completed:
    name: haskoin-core
    version: 0.21.2
    git: https://github.com/haskoin/haskoin-core.git
    pantry-tree:
      size: 7102
      sha256: 44112cb8820ddd76373209f154a9cfaf35d7807909b1b68dc4ea180c7a4b0299
    commit: 2a13ee8be20d7cd3646bb73dc5da4beeaf409ee2
  original:
    git: https://github.com/haskoin/haskoin-core.git
    commit: 2a13ee8be20d7cd3646bb73dc5da4beeaf409ee2
- completed:
    name: haskoin-node
    version: 0.17.14
    git: https://github.com/haskoin/haskoin-node.git
    pantry-tree:
      size: 896
      sha256: bf7c0daeada736912584205c9f4a1340f2f3c171ac9269485fefe9800ee75bec
    commit: 6fd1388fa9160629aaebcec2c738aae5dcca9d88
  original:
    git: https://github.com/haskoin/haskoin-node.git
    commit: 6fd1388fa9160629aaebcec2c738aae5dcca9d88
- completed:
    name: ekg-core
    version: 0.1.1.7
    git: https://github.com/tibbe/ekg-core.git
    pantry-tree:
      size: 1280
      sha256: 726daf8d996dae7623fe2028ccf7c57e09a18bd7ae32cbf4df54481cedb505f4
    commit: ddf7c1eb6d487b0e17ac1ce8428b6d9daea2f671
  original:
    git: https://github.com/tibbe/ekg-core.git
    commit: ddf7c1eb6d487b0e17ac1ce8428b6d9daea2f671
snapshots:
- completed:
    size: 590100
    url: https://raw.githubusercontent.com/commercialhaskell/stackage-snapshots/master/lts/18/28.yaml
    sha256: 428ec8d5ce932190d3cbe266b9eb3c175cd81e984babf876b64019e2cbe4ea68
  original: lts-18.28
