# This file was autogenerated by Stack.
# You should not edit this file by hand.
# For more information, please see the documentation at:
#   https://docs.haskellstack.org/en/stable/lock_files

packages:
- completed:
    hackage: haskoin-core-0.20.1@sha256:5411330c17cd71634417d96cff9b15de4c67994b7bcee13c98bf388e71f33a95,4836
    pantry-tree:
      size: 5111
      sha256: 1aa9c5965fca33964bf384b881f1293c947d1cccf6819d485cf900764d26b489
  original:
    hackage: haskoin-core-0.20.1@sha256:5411330c17cd71634417d96cff9b15de4c67994b7bcee13c98bf388e71f33a95,4836
- completed:
    hackage: haskoin-node-0.17.9@sha256:fa9c4591ed143409451f21e0100f7653b92df297e3f9e89cea2003205420b8ca,2279
    pantry-tree:
      size: 636
      sha256: 93b09f4ff19fcd740bb3fa13523a5ed846c5a5d9d4f56b6a35f54171f7327948
  original:
    hackage: haskoin-node-0.17.9@sha256:fa9c4591ed143409451f21e0100f7653b92df297e3f9e89cea2003205420b8ca,2279
snapshots:
- completed:
    size: 565715
    url: https://raw.githubusercontent.com/commercialhaskell/stackage-snapshots/master/lts/17/7.yaml
    sha256: 1b5e4124989399e60e7a7901f0cefd910beea546131fb07a13a7208c4cc8b7ee
  original: lts-17.7
