# This file was autogenerated by Stack.
# You should not edit this file by hand.
# For more information, please see the documentation at:
#   https://docs.haskellstack.org/en/stable/lock_files

packages:
- completed:
    hackage: haskoin-node-0.13.0@sha256:ebbcaafb023002db344e235dec7dd0180902f29f642f3dff71b855d1713a36fb,2295
    pantry-tree:
      size: 705
      sha256: 4e261e9eae1ac234d1ab73029401458ec5f003ed33d9a09fc490f42d1c647645
  original:
    hackage: haskoin-node-0.13.0
- completed:
    hackage: secp256k1-haskell-0.2.2@sha256:f4e8efe87e239a73fd9518703177e25d66c1475f6cb967fcd434e38d99923916,2466
    pantry-tree:
      size: 603
      sha256: c1e3077968c5012f6a16c158d13bb587068dd5ba6d389033f37864e37bfaf522
  original:
    hackage: secp256k1-haskell-0.2.2
snapshots:
- completed:
    size: 494638
    url: https://raw.githubusercontent.com/commercialhaskell/stackage-snapshots/master/lts/15/11.yaml
    sha256: 5747328cdcbb8fe9c96fc048b5566167c80dd176a41b52d3b363058e3cc1dc5d
  original: lts-15.11
